
Microsoft Visual Studio Solution File, Format Version 12.00
# Visual Studio Version 17
VisualStudioVersion = 17.5.002.0
MinimumVisualStudioVersion = 10.0.40219.1
Project("{9A19103F-16F7-4668-BE54-9A1E7A4F7556}") = "LearningService", "LearningService.csproj", "{9913E079-303B-46E5-875E-8D631BA45575}"
EndProject
Global
	GlobalSection(SolutionConfigurationPlatforms) = preSolution
		Debug|Any CPU = Debug|Any CPU
		Release|Any CPU = Release|Any CPU
	EndGlobalSection
	GlobalSection(ProjectConfigurationPlatforms) = postSolution
		{9913E079-303B-46E5-875E-8D631BA45575}.Debug|Any CPU.ActiveCfg = Debug|Any CPU
		{9913E079-303B-46E5-875E-8D631BA45575}.Debug|Any CPU.Build.0 = Debug|Any CPU
		{9913E079-303B-46E5-875E-8D631BA45575}.Release|Any CPU.ActiveCfg = Release|Any CPU
		{9913E079-303B-46E5-875E-8D631BA45575}.Release|Any CPU.Build.0 = Release|Any CPU
	EndGlobalSection
	GlobalSection(SolutionProperties) = preSolution
		HideSolutionNode = FALSE
	EndGlobalSection
	GlobalSection(ExtensibilityGlobals) = postSolution
		SolutionGuid = {7CBA4C37-50AC-4F62-8BE3-E19F15DC1EF2}
	EndGlobalSection
EndGlobal
